
Microsoft Visual Studio Solution File, Format Version 12.00
# Visual Studio Version 17
VisualStudioVersion = 17.5.002.0
MinimumVisualStudioVersion = 10.0.40219.1
Project("{2150E333-8FDC-42A3-9474-1A3956D46DE8}") = "prepare", "prepare", "{6CBFFB39-8F97-4FD5-B949-BFDB0D1E78BA}"
EndProject
Project("{9A19103F-16F7-4668-BE54-9A1E7A4F7556}") = "Learning02", "prepare\Learning02\Learning02.csproj", "{63C66B2D-1A88-43C9-8518-260608A98535}"
EndProject
Project("{9A19103F-16F7-4668-BE54-9A1E7A4F7556}") = "Learning05", "prepare\Learning05\Learning05.csproj", "{1B161DFC-855A-42A4-91F7-22A7B3E2FB49}"
EndProject
Project("{9A19103F-16F7-4668-BE54-9A1E7A4F7556}") = "Learning04", "prepare\Learning04\Learning04.csproj", "{53B7917F-C1C0-448E-974E-EA1ED1BD044C}"
EndProject
Project("{9A19103F-16F7-4668-BE54-9A1E7A4F7556}") = "Learning03", "prepare\Learning03\Learning03.csproj", "{3EB3999D-534C-4A2D-A28C-FC0DA035213D}"
EndProject
Project("{2150E333-8FDC-42A3-9474-1A3956D46DE8}") = "prove", "prove", "{9CD56015-166B-43A6-A756-80035D541155}"
EndProject
Project("{9A19103F-16F7-4668-BE54-9A1E7A4F7556}") = "Develop03", "prove\Develop03\Develop03.csproj", "{B862BF48-5327-41B8-B21B-FD61946201F8}"
EndProject
Project("{9A19103F-16F7-4668-BE54-9A1E7A4F7556}") = "Develop04", "prove\Develop04\Develop04.csproj", "{ED1E1C46-63B2-4A36-BF54-35C3FCFD15E7}"
EndProject
Project("{9A19103F-16F7-4668-BE54-9A1E7A4F7556}") = "Develop05", "prove\Develop05\Develop05.csproj", "{096CD68F-CE56-48D2-A122-AD3C1B5E0D80}"
EndProject
Project("{9A19103F-16F7-4668-BE54-9A1E7A4F7556}") = "Develop02", "prove\Develop02\Develop02.csproj", "{6C1FC6C5-A9AE-4650-B66A-8990C39952B0}"
EndProject
Project("{2150E333-8FDC-42A3-9474-1A3956D46DE8}") = "sandbox", "sandbox", "{C656BF4C-7A65-48EB-AD9B-5BE5EAD73CDA}"
EndProject
Project("{9A19103F-16F7-4668-BE54-9A1E7A4F7556}") = "Sandbox", "sandbox\Sandbox\Sandbox.csproj", "{8A36613E-4B0D-4E39-A438-1B90BCA02419}"
EndProject
Project("{2150E333-8FDC-42A3-9474-1A3956D46DE8}") = "final", "final", "{A32BA36F-AD38-4453-99C7-28A8C2A7B7D0}"
EndProject
Project("{9A19103F-16F7-4668-BE54-9A1E7A4F7556}") = "FinalProject", "final\FinalProject\FinalProject.csproj", "{449ABB83-12B0-410C-8ABA-6B2B44CF6884}"
EndProject
Project("{9A19103F-16F7-4668-BE54-9A1E7A4F7556}") = "Foundation1", "final\Foundation1\Foundation1.csproj", "{60F935BC-3591-4AD4-BAE5-0C7E4BA32554}"
EndProject
Project("{9A19103F-16F7-4668-BE54-9A1E7A4F7556}") = "Foundation4", "final\Foundation4\Foundation4.csproj", "{8C76D330-1202-41E6-B651-6EF26AF479D0}"
EndProject
Project("{9A19103F-16F7-4668-BE54-9A1E7A4F7556}") = "Foundation3", "final\Foundation3\Foundation3.csproj", "{5284E7BF-2830-41E9-90D4-262A77C99EA7}"
EndProject
Project("{9A19103F-16F7-4668-BE54-9A1E7A4F7556}") = "Foundation2", "final\Foundation2\Foundation2.csproj", "{D43AF63F-BC3D-4763-907A-84D8E97BC286}"
EndProject
Project("{2150E333-8FDC-42A3-9474-1A3956D46DE8}") = "csharp-prep", "csharp-prep", "{AD01E617-2168-4AB1-90BF-1C80E1B43E57}"
EndProject
Project("{9A19103F-16F7-4668-BE54-9A1E7A4F7556}") = "Prep1", "csharp-prep\Prep1\Prep1.csproj", "{59E6089D-E2ED-4196-9395-CFEB606973CA}"
EndProject
Project("{9A19103F-16F7-4668-BE54-9A1E7A4F7556}") = "Prep5", "csharp-prep\Prep5\Prep5.csproj", "{43001446-4A90-42AE-A62B-2C009CF23E11}"
EndProject
Project("{9A19103F-16F7-4668-BE54-9A1E7A4F7556}") = "Prep2", "csharp-prep\Prep2\Prep2.csproj", "{C4EEE67E-9259-4EFB-8AAB-AB580FF71D97}"
EndProject
Project("{9A19103F-16F7-4668-BE54-9A1E7A4F7556}") = "Prep3", "csharp-prep\Prep3\Prep3.csproj", "{7FE65276-641C-4A55-BE2B-748D5A472E88}"
EndProject
Project("{9A19103F-16F7-4668-BE54-9A1E7A4F7556}") = "Prep4", "csharp-prep\Prep4\Prep4.csproj", "{06C33A68-6AE1-42D5-8734-16B6D2870C84}"
EndProject
Global
	GlobalSection(SolutionConfigurationPlatforms) = preSolution
		Debug|Any CPU = Debug|Any CPU
		Release|Any CPU = Release|Any CPU
	EndGlobalSection
	GlobalSection(ProjectConfigurationPlatforms) = postSolution
		{63C66B2D-1A88-43C9-8518-260608A98535}.Debug|Any CPU.ActiveCfg = Debug|Any CPU
		{63C66B2D-1A88-43C9-8518-260608A98535}.Debug|Any CPU.Build.0 = Debug|Any CPU
		{63C66B2D-1A88-43C9-8518-260608A98535}.Release|Any CPU.ActiveCfg = Release|Any CPU
		{63C66B2D-1A88-43C9-8518-260608A98535}.Release|Any CPU.Build.0 = Release|Any CPU
		{1B161DFC-855A-42A4-91F7-22A7B3E2FB49}.Debug|Any CPU.ActiveCfg = Debug|Any CPU
		{1B161DFC-855A-42A4-91F7-22A7B3E2FB49}.Debug|Any CPU.Build.0 = Debug|Any CPU
		{1B161DFC-855A-42A4-91F7-22A7B3E2FB49}.Release|Any CPU.ActiveCfg = Release|Any CPU
		{1B161DFC-855A-42A4-91F7-22A7B3E2FB49}.Release|Any CPU.Build.0 = Release|Any CPU
		{53B7917F-C1C0-448E-974E-EA1ED1BD044C}.Debug|Any CPU.ActiveCfg = Debug|Any CPU
		{53B7917F-C1C0-448E-974E-EA1ED1BD044C}.Debug|Any CPU.Build.0 = Debug|Any CPU
		{53B7917F-C1C0-448E-974E-EA1ED1BD044C}.Release|Any CPU.ActiveCfg = Release|Any CPU
		{53B7917F-C1C0-448E-974E-EA1ED1BD044C}.Release|Any CPU.Build.0 = Release|Any CPU
		{3EB3999D-534C-4A2D-A28C-FC0DA035213D}.Debug|Any CPU.ActiveCfg = Debug|Any CPU
		{3EB3999D-534C-4A2D-A28C-FC0DA035213D}.Debug|Any CPU.Build.0 = Debug|Any CPU
		{3EB3999D-534C-4A2D-A28C-FC0DA035213D}.Release|Any CPU.ActiveCfg = Release|Any CPU
		{3EB3999D-534C-4A2D-A28C-FC0DA035213D}.Release|Any CPU.Build.0 = Release|Any CPU
		{B862BF48-5327-41B8-B21B-FD61946201F8}.Debug|Any CPU.ActiveCfg = Debug|Any CPU
		{B862BF48-5327-41B8-B21B-FD61946201F8}.Debug|Any CPU.Build.0 = Debug|Any CPU
		{B862BF48-5327-41B8-B21B-FD61946201F8}.Release|Any CPU.ActiveCfg = Release|Any CPU
		{B862BF48-5327-41B8-B21B-FD61946201F8}.Release|Any CPU.Build.0 = Release|Any CPU
		{ED1E1C46-63B2-4A36-BF54-35C3FCFD15E7}.Debug|Any CPU.ActiveCfg = Debug|Any CPU
		{ED1E1C46-63B2-4A36-BF54-35C3FCFD15E7}.Debug|Any CPU.Build.0 = Debug|Any CPU
		{ED1E1C46-63B2-4A36-BF54-35C3FCFD15E7}.Release|Any CPU.ActiveCfg = Release|Any CPU
		{ED1E1C46-63B2-4A36-BF54-35C3FCFD15E7}.Release|Any CPU.Build.0 = Release|Any CPU
		{096CD68F-CE56-48D2-A122-AD3C1B5E0D80}.Debug|Any CPU.ActiveCfg = Debug|Any CPU
		{096CD68F-CE56-48D2-A122-AD3C1B5E0D80}.Debug|Any CPU.Build.0 = Debug|Any CPU
		{096CD68F-CE56-48D2-A122-AD3C1B5E0D80}.Release|Any CPU.ActiveCfg = Release|Any CPU
		{096CD68F-CE56-48D2-A122-AD3C1B5E0D80}.Release|Any CPU.Build.0 = Release|Any CPU
		{6C1FC6C5-A9AE-4650-B66A-8990C39952B0}.Debug|Any CPU.ActiveCfg = Debug|Any CPU
		{6C1FC6C5-A9AE-4650-B66A-8990C39952B0}.Debug|Any CPU.Build.0 = Debug|Any CPU
		{6C1FC6C5-A9AE-4650-B66A-8990C39952B0}.Release|Any CPU.ActiveCfg = Release|Any CPU
		{6C1FC6C5-A9AE-4650-B66A-8990C39952B0}.Release|Any CPU.Build.0 = Release|Any CPU
		{8A36613E-4B0D-4E39-A438-1B90BCA02419}.Debug|Any CPU.ActiveCfg = Debug|Any CPU
		{8A36613E-4B0D-4E39-A438-1B90BCA02419}.Debug|Any CPU.Build.0 = Debug|Any CPU
		{8A36613E-4B0D-4E39-A438-1B90BCA02419}.Release|Any CPU.ActiveCfg = Release|Any CPU
		{8A36613E-4B0D-4E39-A438-1B90BCA02419}.Release|Any CPU.Build.0 = Release|Any CPU
		{449ABB83-12B0-410C-8ABA-6B2B44CF6884}.Debug|Any CPU.ActiveCfg = Debug|Any CPU
		{449ABB83-12B0-410C-8ABA-6B2B44CF6884}.Debug|Any CPU.Build.0 = Debug|Any CPU
		{449ABB83-12B0-410C-8ABA-6B2B44CF6884}.Release|Any CPU.ActiveCfg = Release|Any CPU
		{449ABB83-12B0-410C-8ABA-6B2B44CF6884}.Release|Any CPU.Build.0 = Release|Any CPU
		{60F935BC-3591-4AD4-BAE5-0C7E4BA32554}.Debug|Any CPU.ActiveCfg = Debug|Any CPU
		{60F935BC-3591-4AD4-BAE5-0C7E4BA32554}.Debug|Any CPU.Build.0 = Debug|Any CPU
		{60F935BC-3591-4AD4-BAE5-0C7E4BA32554}.Release|Any CPU.ActiveCfg = Release|Any CPU
		{60F935BC-3591-4AD4-BAE5-0C7E4BA32554}.Release|Any CPU.Build.0 = Release|Any CPU
		{8C76D330-1202-41E6-B651-6EF26AF479D0}.Debug|Any CPU.ActiveCfg = Debug|Any CPU
		{8C76D330-1202-41E6-B651-6EF26AF479D0}.Debug|Any CPU.Build.0 = Debug|Any CPU
		{8C76D330-1202-41E6-B651-6EF26AF479D0}.Release|Any CPU.ActiveCfg = Release|Any CPU
		{8C76D330-1202-41E6-B651-6EF26AF479D0}.Release|Any CPU.Build.0 = Release|Any CPU
		{5284E7BF-2830-41E9-90D4-262A77C99EA7}.Debug|Any CPU.ActiveCfg = Debug|Any CPU
		{5284E7BF-2830-41E9-90D4-262A77C99EA7}.Debug|Any CPU.Build.0 = Debug|Any CPU
		{5284E7BF-2830-41E9-90D4-262A77C99EA7}.Release|Any CPU.ActiveCfg = Release|Any CPU
		{5284E7BF-2830-41E9-90D4-262A77C99EA7}.Release|Any CPU.Build.0 = Release|Any CPU
		{D43AF63F-BC3D-4763-907A-84D8E97BC286}.Debug|Any CPU.ActiveCfg = Debug|Any CPU
		{D43AF63F-BC3D-4763-907A-84D8E97BC286}.Debug|Any CPU.Build.0 = Debug|Any CPU
		{D43AF63F-BC3D-4763-907A-84D8E97BC286}.Release|Any CPU.ActiveCfg = Release|Any CPU
		{D43AF63F-BC3D-4763-907A-84D8E97BC286}.Release|Any CPU.Build.0 = Release|Any CPU
		{59E6089D-E2ED-4196-9395-CFEB606973CA}.Debug|Any CPU.ActiveCfg = Debug|Any CPU
		{59E6089D-E2ED-4196-9395-CFEB606973CA}.Debug|Any CPU.Build.0 = Debug|Any CPU
		{59E6089D-E2ED-4196-9395-CFEB606973CA}.Release|Any CPU.ActiveCfg = Release|Any CPU
		{59E6089D-E2ED-4196-9395-CFEB606973CA}.Release|Any CPU.Build.0 = Release|Any CPU
		{43001446-4A90-42AE-A62B-2C009CF23E11}.Debug|Any CPU.ActiveCfg = Debug|Any CPU
		{43001446-4A90-42AE-A62B-2C009CF23E11}.Debug|Any CPU.Build.0 = Debug|Any CPU
		{43001446-4A90-42AE-A62B-2C009CF23E11}.Release|Any CPU.ActiveCfg = Release|Any CPU
		{43001446-4A90-42AE-A62B-2C009CF23E11}.Release|Any CPU.Build.0 = Release|Any CPU
		{C4EEE67E-9259-4EFB-8AAB-AB580FF71D97}.Debug|Any CPU.ActiveCfg = Debug|Any CPU
		{C4EEE67E-9259-4EFB-8AAB-AB580FF71D97}.Debug|Any CPU.Build.0 = Debug|Any CPU
		{C4EEE67E-9259-4EFB-8AAB-AB580FF71D97}.Release|Any CPU.ActiveCfg = Release|Any CPU
		{C4EEE67E-9259-4EFB-8AAB-AB580FF71D97}.Release|Any CPU.Build.0 = Release|Any CPU
		{7FE65276-641C-4A55-BE2B-748D5A472E88}.Debug|Any CPU.ActiveCfg = Debug|Any CPU
		{7FE65276-641C-4A55-BE2B-748D5A472E88}.Debug|Any CPU.Build.0 = Debug|Any CPU
		{7FE65276-641C-4A55-BE2B-748D5A472E88}.Release|Any CPU.ActiveCfg = Release|Any CPU
		{7FE65276-641C-4A55-BE2B-748D5A472E88}.Release|Any CPU.Build.0 = Release|Any CPU
		{06C33A68-6AE1-42D5-8734-16B6D2870C84}.Debug|Any CPU.ActiveCfg = Debug|Any CPU
		{06C33A68-6AE1-42D5-8734-16B6D2870C84}.Debug|Any CPU.Build.0 = Debug|Any CPU
		{06C33A68-6AE1-42D5-8734-16B6D2870C84}.Release|Any CPU.ActiveCfg = Release|Any CPU
		{06C33A68-6AE1-42D5-8734-16B6D2870C84}.Release|Any CPU.Build.0 = Release|Any CPU
	EndGlobalSection
	GlobalSection(SolutionProperties) = preSolution
		HideSolutionNode = FALSE
	EndGlobalSection
	GlobalSection(NestedProjects) = preSolution
		{63C66B2D-1A88-43C9-8518-260608A98535} = {6CBFFB39-8F97-4FD5-B949-BFDB0D1E78BA}
		{1B161DFC-855A-42A4-91F7-22A7B3E2FB49} = {6CBFFB39-8F97-4FD5-B949-BFDB0D1E78BA}
		{53B7917F-C1C0-448E-974E-EA1ED1BD044C} = {6CBFFB39-8F97-4FD5-B949-BFDB0D1E78BA}
		{3EB3999D-534C-4A2D-A28C-FC0DA035213D} = {6CBFFB39-8F97-4FD5-B949-BFDB0D1E78BA}
		{B862BF48-5327-41B8-B21B-FD61946201F8} = {9CD56015-166B-43A6-A756-80035D541155}
		{ED1E1C46-63B2-4A36-BF54-35C3FCFD15E7} = {9CD56015-166B-43A6-A756-80035D541155}
		{096CD68F-CE56-48D2-A122-AD3C1B5E0D80} = {9CD56015-166B-43A6-A756-80035D541155}
		{6C1FC6C5-A9AE-4650-B66A-8990C39952B0} = {9CD56015-166B-43A6-A756-80035D541155}
		{8A36613E-4B0D-4E39-A438-1B90BCA02419} = {C656BF4C-7A65-48EB-AD9B-5BE5EAD73CDA}
		{449ABB83-12B0-410C-8ABA-6B2B44CF6884} = {A32BA36F-AD38-4453-99C7-28A8C2A7B7D0}
		{60F935BC-3591-4AD4-BAE5-0C7E4BA32554} = {A32BA36F-AD38-4453-99C7-28A8C2A7B7D0}
		{8C76D330-1202-41E6-B651-6EF26AF479D0} = {A32BA36F-AD38-4453-99C7-28A8C2A7B7D0}
		{5284E7BF-2830-41E9-90D4-262A77C99EA7} = {A32BA36F-AD38-4453-99C7-28A8C2A7B7D0}
		{D43AF63F-BC3D-4763-907A-84D8E97BC286} = {A32BA36F-AD38-4453-99C7-28A8C2A7B7D0}
		{59E6089D-E2ED-4196-9395-CFEB606973CA} = {AD01E617-2168-4AB1-90BF-1C80E1B43E57}
		{43001446-4A90-42AE-A62B-2C009CF23E11} = {AD01E617-2168-4AB1-90BF-1C80E1B43E57}
		{C4EEE67E-9259-4EFB-8AAB-AB580FF71D97} = {AD01E617-2168-4AB1-90BF-1C80E1B43E57}
		{7FE65276-641C-4A55-BE2B-748D5A472E88} = {AD01E617-2168-4AB1-90BF-1C80E1B43E57}
		{06C33A68-6AE1-42D5-8734-16B6D2870C84} = {AD01E617-2168-4AB1-90BF-1C80E1B43E57}
	EndGlobalSection
	GlobalSection(ExtensibilityGlobals) = postSolution
		SolutionGuid = {39BBD9EF-0FE2-4548-89FD-3BD7F06D3DA3}
	EndGlobalSection
EndGlobal
